// !$*UTF8*$!
{
	archiveVersion = 1;
	classes = {
	};
	objectVersion = 50;
	objects = {

/* Begin PBXBuildFile section */
		F0BBAAFA21784EF600A0FD56 /* AppDelegate.swift in Sources */ = {isa = PBXBuildFile; fileRef = F0BBAAF921784EF600A0FD56 /* AppDelegate.swift */; };
		F0BBAAFC21784EF600A0FD56 /* ViewController.swift in Sources */ = {isa = PBXBuildFile; fileRef = F0BBAAFB21784EF600A0FD56 /* ViewController.swift */; };
		F0BBAAFF21784EF600A0FD56 /* Main.storyboard in Resources */ = {isa = PBXBuildFile; fileRef = F0BBAAFD21784EF600A0FD56 /* Main.storyboard */; };
		F0BBAB0121784EF800A0FD56 /* Assets.xcassets in Resources */ = {isa = PBXBuildFile; fileRef = F0BBAB0021784EF800A0FD56 /* Assets.xcassets */; };
		F0BBAB0421784EF800A0FD56 /* LaunchScreen.storyboard in Resources */ = {isa = PBXBuildFile; fileRef = F0BBAB0221784EF800A0FD56 /* LaunchScreen.storyboard */; };
		F0BBAB0F21784EF800A0FD56 /* HakkyungLee_Lab4_v2Tests.swift in Sources */ = {isa = PBXBuildFile; fileRef = F0BBAB0E21784EF800A0FD56 /* HakkyungLee_Lab4_v2Tests.swift */; };
		F0BBAB1A21784EF800A0FD56 /* HakkyungLee_Lab4_v2UITests.swift in Sources */ = {isa = PBXBuildFile; fileRef = F0BBAB1921784EF800A0FD56 /* HakkyungLee_Lab4_v2UITests.swift */; };
/* End PBXBuildFile section */

/* Begin PBXContainerItemProxy section */
		F0BBAB0B21784EF800A0FD56 /* PBXContainerItemProxy */ = {
			isa = PBXContainerItemProxy;
			containerPortal = F0BBAAEE21784EF600A0FD56 /* Project object */;
			proxyType = 1;
			remoteGlobalIDString = F0BBAAF521784EF600A0FD56;
			remoteInfo = "HakkyungLee-Lab4_v2";
		};
		F0BBAB1621784EF800A0FD56 /* PBXContainerItemProxy */ = {
			isa = PBXContainerItemProxy;
			containerPortal = F0BBAAEE21784EF600A0FD56 /* Project object */;
			proxyType = 1;
			remoteGlobalIDString = F0BBAAF521784EF600A0FD56;
			remoteInfo = "HakkyungLee-Lab4_v2";
		};
/* End PBXContainerItemProxy section */

/* Begin PBXFileReference section */
		F0BBAAF621784EF600A0FD56 /* HakkyungLee-Lab4_v2.app */ = {isa = PBXFileReference; explicitFileType = wrapper.application; includeInIndex = 0; path = "HakkyungLee-Lab4_v2.app"; sourceTree = BUILT_PRODUCTS_DIR; };
		F0BBAAF921784EF600A0FD56 /* AppDelegate.swift */ = {isa = PBXFileReference; lastKnownFileType = sourcecode.swift; path = AppDelegate.swift; sourceTree = "<group>"; };
		F0BBAAFB21784EF600A0FD56 /* ViewController.swift */ = {isa = PBXFileReference; lastKnownFileType = sourcecode.swift; path = ViewController.swift; sourceTree = "<group>"; };
		F0BBAAFE21784EF600A0FD56 /* Base */ = {isa = PBXFileReference; lastKnownFileType = file.storyboard; name = Base; path = Base.lproj/Main.storyboard; sourceTree = "<group>"; };
		F0BBAB0021784EF800A0FD56 /* Assets.xcassets */ = {isa = PBXFileReference; lastKnownFileType = folder.assetcatalog; path = Assets.xcassets; sourceTree = "<group>"; };
		F0BBAB0321784EF800A0FD56 /* Base */ = {isa = PBXFileReference; lastKnownFileType = file.storyboard; name = Base; path = Base.lproj/LaunchScreen.storyboard; sourceTree = "<group>"; };
		F0BBAB0521784EF800A0FD56 /* Info.plist */ = {isa = PBXFileReference; lastKnownFileType = text.plist.xml; path = Info.plist; sourceTree = "<group>"; };
		F0BBAB0A21784EF800A0FD56 /* HakkyungLee-Lab4_v2Tests.xctest */ = {isa = PBXFileReference; explicitFileType = wrapper.cfbundle; includeInIndex = 0; path = "HakkyungLee-Lab4_v2Tests.xctest"; sourceTree = BUILT_PRODUCTS_DIR; };
		F0BBAB0E21784EF800A0FD56 /* HakkyungLee_Lab4_v2Tests.swift */ = {isa = PBXFileReference; lastKnownFileType = sourcecode.swift; path = HakkyungLee_Lab4_v2Tests.swift; sourceTree = "<group>"; };
		F0BBAB1021784EF800A0FD56 /* Info.plist */ = {isa = PBXFileReference; lastKnownFileType = text.plist.xml; path = Info.plist; sourceTree = "<group>"; };
		F0BBAB1521784EF800A0FD56 /* HakkyungLee-Lab4_v2UITests.xctest */ = {isa = PBXFileReference; explicitFileType = wrapper.cfbundle; includeInIndex = 0; path = "HakkyungLee-Lab4_v2UITests.xctest"; sourceTree = BUILT_PRODUCTS_DIR; };
		F0BBAB1921784EF800A0FD56 /* HakkyungLee_Lab4_v2UITests.swift */ = {isa = PBXFileReference; lastKnownFileType = sourcecode.swift; path = HakkyungLee_Lab4_v2UITests.swift; sourceTree = "<group>"; };
		F0BBAB1B21784EF800A0FD56 /* Info.plist */ = {isa = PBXFileReference; lastKnownFileType = text.plist.xml; path = Info.plist; sourceTree = "<group>"; };
/* End PBXFileReference section */

/* Begin PBXFrameworksBuildPhase section */
		F0BBAAF321784EF600A0FD56 /* Frameworks */ = {
			isa = PBXFrameworksBuildPhase;
			buildActionMask = 2147483647;
			files = (
			);
			runOnlyForDeploymentPostprocessing = 0;
		};
		F0BBAB0721784EF800A0FD56 /* Frameworks */ = {
			isa = PBXFrameworksBuildPhase;
			buildActionMask = 2147483647;
			files = (
			);
			runOnlyForDeploymentPostprocessing = 0;
		};
		F0BBAB1221784EF800A0FD56 /* Frameworks */ = {
			isa = PBXFrameworksBuildPhase;
			buildActionMask = 2147483647;
			files = (
			);
			runOnlyForDeploymentPostprocessing = 0;
		};
/* End PBXFrameworksBuildPhase section */

/* Begin PBXGroup section */
		F0BBAAED21784EF600A0FD56 = {
			isa = PBXGroup;
			children = (
				F0BBAAF821784EF600A0FD56 /* HakkyungLee-Lab4_v2 */,
				F0BBAB0D21784EF800A0FD56 /* HakkyungLee-Lab4_v2Tests */,
				F0BBAB1821784EF800A0FD56 /* HakkyungLee-Lab4_v2UITests */,
				F0BBAAF721784EF600A0FD56 /* Products */,
			);
			sourceTree = "<group>";
		};
		F0BBAAF721784EF600A0FD56 /* Products */ = {
			isa = PBXGroup;
			children = (
				F0BBAAF621784EF600A0FD56 /* HakkyungLee-Lab4_v2.app */,
				F0BBAB0A21784EF800A0FD56 /* HakkyungLee-Lab4_v2Tests.xctest */,
				F0BBAB1521784EF800A0FD56 /* HakkyungLee-Lab4_v2UITests.xctest */,
			);
			name = Products;
			sourceTree = "<group>";
		};
		F0BBAAF821784EF600A0FD56 /* HakkyungLee-Lab4_v2 */ = {
			isa = PBXGroup;
			children = (
				F0BBAAF921784EF600A0FD56 /* AppDelegate.swift */,
				F0BBAAFB21784EF600A0FD56 /* ViewController.swift */,
				F0BBAAFD21784EF600A0FD56 /* Main.storyboard */,
				F0BBAB0021784EF800A0FD56 /* Assets.xcassets */,
				F0BBAB0221784EF800A0FD56 /* LaunchScreen.storyboard */,
				F0BBAB0521784EF800A0FD56 /* Info.plist */,
			);
			path = "HakkyungLee-Lab4_v2";
			sourceTree = "<group>";
		};
		F0BBAB0D21784EF800A0FD56 /* HakkyungLee-Lab4_v2Tests */ = {
			isa = PBXGroup;
			children = (
				F0BBAB0E21784EF800A0FD56 /* HakkyungLee_Lab4_v2Tests.swift */,
				F0BBAB1021784EF800A0FD56 /* Info.plist */,
			);
			path = "HakkyungLee-Lab4_v2Tests";
			sourceTree = "<group>";
		};
		F0BBAB1821784EF800A0FD56 /* HakkyungLee-Lab4_v2UITests */ = {
			isa = PBXGroup;
			children = (
				F0BBAB1921784EF800A0FD56 /* HakkyungLee_Lab4_v2UITests.swift */,
				F0BBAB1B21784EF800A0FD56 /* Info.plist */,
			);
			path = "HakkyungLee-Lab4_v2UITests";
			sourceTree = "<group>";
		};
/* End PBXGroup section */

/* Begin PBXNativeTarget section */
		F0BBAAF521784EF600A0FD56 /* HakkyungLee-Lab4_v2 */ = {
			isa = PBXNativeTarget;
			buildConfigurationList = F0BBAB1E21784EF800A0FD56 /* Build configuration list for PBXNativeTarget "HakkyungLee-Lab4_v2" */;
			buildPhases = (
				F0BBAAF221784EF600A0FD56 /* Sources */,
				F0BBAAF321784EF600A0FD56 /* Frameworks */,
				F0BBAAF421784EF600A0FD56 /* Resources */,
			);
			buildRules = (
			);
			dependencies = (
			);
			name = "HakkyungLee-Lab4_v2";
			productName = "HakkyungLee-Lab4_v2";
			productReference = F0BBAAF621784EF600A0FD56 /* HakkyungLee-Lab4_v2.app */;
			productType = "com.apple.product-type.application";
		};
		F0BBAB0921784EF800A0FD56 /* HakkyungLee-Lab4_v2Tests */ = {
			isa = PBXNativeTarget;
			buildConfigurationList = F0BBAB2121784EF800A0FD56 /* Build configuration list for PBXNativeTarget "HakkyungLee-Lab4_v2Tests" */;
			buildPhases = (
				F0BBAB0621784EF800A0FD56 /* Sources */,
				F0BBAB0721784EF800A0FD56 /* Frameworks */,
				F0BBAB0821784EF800A0FD56 /* Resources */,
			);
			buildRules = (
			);
			dependencies = (
				F0BBAB0C21784EF800A0FD56 /* PBXTargetDependency */,
			);
			name = "HakkyungLee-Lab4_v2Tests";
			productName = "HakkyungLee-Lab4_v2Tests";
			productReference = F0BBAB0A21784EF800A0FD56 /* HakkyungLee-Lab4_v2Tests.xctest */;
			productType = "com.apple.product-type.bundle.unit-test";
		};
		F0BBAB1421784EF800A0FD56 /* HakkyungLee-Lab4_v2UITests */ = {
			isa = PBXNativeTarget;
			buildConfigurationList = F0BBAB2421784EF800A0FD56 /* Build configuration list for PBXNativeTarget "HakkyungLee-Lab4_v2UITests" */;
			buildPhases = (
				F0BBAB1121784EF800A0FD56 /* Sources */,
				F0BBAB1221784EF800A0FD56 /* Frameworks */,
				F0BBAB1321784EF800A0FD56 /* Resources */,
			);
			buildRules = (
			);
			dependencies = (
				F0BBAB1721784EF800A0FD56 /* PBXTargetDependency */,
			);
			name = "HakkyungLee-Lab4_v2UITests";
			productName = "HakkyungLee-Lab4_v2UITests";
			productReference = F0BBAB1521784EF800A0FD56 /* HakkyungLee-Lab4_v2UITests.xctest */;
			productType = "com.apple.product-type.bundle.ui-testing";
		};
/* End PBXNativeTarget section */

/* Begin PBXProject section */
		F0BBAAEE21784EF600A0FD56 /* Project object */ = {
			isa = PBXProject;
			attributes = {
				LastSwiftUpdateCheck = 0940;
				LastUpgradeCheck = 0940;
				ORGANIZATIONNAME = "Hakkyung Lee";
				TargetAttributes = {
					F0BBAAF521784EF600A0FD56 = {
						CreatedOnToolsVersion = 9.4;
					};
					F0BBAB0921784EF800A0FD56 = {
						CreatedOnToolsVersion = 9.4;
						TestTargetID = F0BBAAF521784EF600A0FD56;
					};
					F0BBAB1421784EF800A0FD56 = {
						CreatedOnToolsVersion = 9.4;
						TestTargetID = F0BBAAF521784EF600A0FD56;
					};
				};
			};
			buildConfigurationList = F0BBAAF121784EF600A0FD56 /* Build configuration list for PBXProject "HakkyungLee-Lab4_v2" */;
			compatibilityVersion = "Xcode 9.3";
			developmentRegion = en;
			hasScannedForEncodings = 0;
			knownRegions = (
				en,
				Base,
			);
			mainGroup = F0BBAAED21784EF600A0FD56;
			productRefGroup = F0BBAAF721784EF600A0FD56 /* Products */;
			projectDirPath = "";
			projectRoot = "";
			targets = (
				F0BBAAF521784EF600A0FD56 /* HakkyungLee-Lab4_v2 */,
				F0BBAB0921784EF800A0FD56 /* HakkyungLee-Lab4_v2Tests */,
				F0BBAB1421784EF800A0FD56 /* HakkyungLee-Lab4_v2UITests */,
			);
		};
/* End PBXProject section */

/* Begin PBXResourcesBuildPhase section */
		F0BBAAF421784EF600A0FD56 /* Resources */ = {
			isa = PBXResourcesBuildPhase;
			buildActionMask = 2147483647;
			files = (
				F0BBAB0421784EF800A0FD56 /* LaunchScreen.storyboard in Resources */,
				F0BBAB0121784EF800A0FD56 /* Assets.xcassets in Resources */,
				F0BBAAFF21784EF600A0FD56 /* Main.storyboard in Resources */,
			);
			runOnlyForDeploymentPostprocessing = 0;
		};
		F0BBAB0821784EF800A0FD56 /* Resources */ = {
			isa = PBXResourcesBuildPhase;
			buildActionMask = 2147483647;
			files = (
			);
			runOnlyForDeploymentPostprocessing = 0;
		};
		F0BBAB1321784EF800A0FD56 /* Resources */ = {
			isa = PBXResourcesBuildPhase;
			buildActionMask = 2147483647;
			files = (
			);
			runOnlyForDeploymentPostprocessing = 0;
		};
/* End PBXResourcesBuildPhase section */

/* Begin PBXSourcesBuildPhase section */
		F0BBAAF221784EF600A0FD56 /* Sources */ = {
			isa = PBXSourcesBuildPhase;
			buildActionMask = 2147483647;
			files = (
				F0BBAAFC21784EF600A0FD56 /* ViewController.swift in Sources */,
				F0BBAAFA21784EF600A0FD56 /* AppDelegate.swift in Sources */,
			);
			runOnlyForDeploymentPostprocessing = 0;
		};
		F0BBAB0621784EF800A0FD56 /* Sources */ = {
			isa = PBXSourcesBuildPhase;
			buildActionMask = 2147483647;
			files = (
				F0BBAB0F21784EF800A0FD56 /* HakkyungLee_Lab4_v2Tests.swift in Sources */,
			);
			runOnlyForDeploymentPostprocessing = 0;
		};
		F0BBAB1121784EF800A0FD56 /* Sources */ = {
			isa = PBXSourcesBuildPhase;
			buildActionMask = 2147483647;
			files = (
				F0BBAB1A21784EF800A0FD56 /* HakkyungLee_Lab4_v2UITests.swift in Sources */,
			);
			runOnlyForDeploymentPostprocessing = 0;
		};
/* End PBXSourcesBuildPhase section */

/* Begin PBXTargetDependency section */
		F0BBAB0C21784EF800A0FD56 /* PBXTargetDependency */ = {
			isa = PBXTargetDependency;
			target = F0BBAAF521784EF600A0FD56 /* HakkyungLee-Lab4_v2 */;
			targetProxy = F0BBAB0B21784EF800A0FD56 /* PBXContainerItemProxy */;
		};
		F0BBAB1721784EF800A0FD56 /* PBXTargetDependency */ = {
			isa = PBXTargetDependency;
			target = F0BBAAF521784EF600A0FD56 /* HakkyungLee-Lab4_v2 */;
			targetProxy = F0BBAB1621784EF800A0FD56 /* PBXContainerItemProxy */;
		};
/* End PBXTargetDependency section */

/* Begin PBXVariantGroup section */
		F0BBAAFD21784EF600A0FD56 /* Main.storyboard */ = {
			isa = PBXVariantGroup;
			children = (
				F0BBAAFE21784EF600A0FD56 /* Base */,
			);
			name = Main.storyboard;
			sourceTree = "<group>";
		};
		F0BBAB0221784EF800A0FD56 /* LaunchScreen.storyboard */ = {
			isa = PBXVariantGroup;
			children = (
				F0BBAB0321784EF800A0FD56 /* Base */,
			);
			name = LaunchScreen.storyboard;
			sourceTree = "<group>";
		};
/* End PBXVariantGroup section */

/* Begin XCBuildConfiguration section */
		F0BBAB1C21784EF800A0FD56 /* Debug */ = {
			isa = XCBuildConfiguration;
			buildSettings = {
				ALWAYS_SEARCH_USER_PATHS = NO;
				CLANG_ANALYZER_NONNULL = YES;
				CLANG_ANALYZER_NUMBER_OBJECT_CONVERSION = YES_AGGRESSIVE;
				CLANG_CXX_LANGUAGE_STANDARD = "gnu++14";
				CLANG_CXX_LIBRARY = "libc++";
				CLANG_ENABLE_MODULES = YES;
				CLANG_ENABLE_OBJC_ARC = YES;
				CLANG_ENABLE_OBJC_WEAK = YES;
				CLANG_WARN_BLOCK_CAPTURE_AUTORELEASING = YES;
				CLANG_WARN_BOOL_CONVERSION = YES;
				CLANG_WARN_COMMA = YES;
				CLANG_WARN_CONSTANT_CONVERSION = YES;
				CLANG_WARN_DEPRECATED_OBJC_IMPLEMENTATIONS = YES;
				CLANG_WARN_DIRECT_OBJC_ISA_USAGE = YES_ERROR;
				CLANG_WARN_DOCUMENTATION_COMMENTS = YES;
				CLANG_WARN_EMPTY_BODY = YES;
				CLANG_WARN_ENUM_CONVERSION = YES;
				CLANG_WARN_INFINITE_RECURSION = YES;
				CLANG_WARN_INT_CONVERSION = YES;
				CLANG_WARN_NON_LITERAL_NULL_CONVERSION = YES;
				CLANG_WARN_OBJC_IMPLICIT_RETAIN_SELF = YES;
				CLANG_WARN_OBJC_LITERAL_CONVERSION = YES;
				CLANG_WARN_OBJC_ROOT_CLASS = YES_ERROR;
				CLANG_WARN_RANGE_LOOP_ANALYSIS = YES;
				CLANG_WARN_STRICT_PROTOTYPES = YES;
				CLANG_WARN_SUSPICIOUS_MOVE = YES;
				CLANG_WARN_UNGUARDED_AVAILABILITY = YES_AGGRESSIVE;
				CLANG_WARN_UNREACHABLE_CODE = YES;
				CLANG_WARN__DUPLICATE_METHOD_MATCH = YES;
				CODE_SIGN_IDENTITY = "iPhone Developer";
				COPY_PHASE_STRIP = NO;
				DEBUG_INFORMATION_FORMAT = dwarf;
				ENABLE_STRICT_OBJC_MSGSEND = YES;
				ENABLE_TESTABILITY = YES;
				GCC_C_LANGUAGE_STANDARD = gnu11;
				GCC_DYNAMIC_NO_PIC = NO;
				GCC_NO_COMMON_BLOCKS = YES;
				GCC_OPTIMIZATION_LEVEL = 0;
				GCC_PREPROCESSOR_DEFINITIONS = (
					"DEBUG=1",
					"$(inherited)",
				);
				GCC_WARN_64_TO_32_BIT_CONVERSION = YES;
				GCC_WARN_ABOUT_RETURN_TYPE = YES_ERROR;
				GCC_WARN_UNDECLARED_SELECTOR = YES;
				GCC_WARN_UNINITIALIZED_AUTOS = YES_AGGRESSIVE;
				GCC_WARN_UNUSED_FUNCTION = YES;
				GCC_WARN_UNUSED_VARIABLE = YES;
				IPHONEOS_DEPLOYMENT_TARGET = 11.4;
				MTL_ENABLE_DEBUG_INFO = YES;
				ONLY_ACTIVE_ARCH = YES;
				SDKROOT = iphoneos;
				SWIFT_ACTIVE_COMPILATION_CONDITIONS = DEBUG;
				SWIFT_OPTIMIZATION_LEVEL = "-Onone";
			};
			name = Debug;
		};
		F0BBAB1D21784EF800A0FD56 /* Release */ = {
			isa = XCBuildConfiguration;
			buildSettings = {
				ALWAYS_SEARCH_USER_PATHS = NO;
				CLANG_ANALYZER_NONNULL = YES;
				CLANG_ANALYZER_NUMBER_OBJECT_CONVERSION = YES_AGGRESSIVE;
				CLANG_CXX_LANGUAGE_STANDARD = "gnu++14";
				CLANG_CXX_LIBRARY = "libc++";
				CLANG_ENABLE_MODULES = YES;
				CLANG_ENABLE_OBJC_ARC = YES;
				CLANG_ENABLE_OBJC_WEAK = YES;
				CLANG_WARN_BLOCK_CAPTURE_AUTORELEASING = YES;
				CLANG_WARN_BOOL_CONVERSION = YES;
				CLANG_WARN_COMMA = YES;
				CLANG_WARN_CONSTANT_CONVERSION = YES;
				CLANG_WARN_DEPRECATED_OBJC_IMPLEMENTATIONS = YES;
				CLANG_WARN_DIRECT_OBJC_ISA_USAGE = YES_ERROR;
				CLANG_WARN_DOCUMENTATION_COMMENTS = YES;
				CLANG_WARN_EMPTY_BODY = YES;
				CLANG_WARN_ENUM_CONVERSION = YES;
				CLANG_WARN_INFINITE_RECURSION = YES;
				CLANG_WARN_INT_CONVERSION = YES;
				CLANG_WARN_NON_LITERAL_NULL_CONVERSION = YES;
				CLANG_WARN_OBJC_IMPLICIT_RETAIN_SELF = YES;
				CLANG_WARN_OBJC_LITERAL_CONVERSION = YES;
				CLANG_WARN_OBJC_ROOT_CLASS = YES_ERROR;
				CLANG_WARN_RANGE_LOOP_ANALYSIS = YES;
				CLANG_WARN_STRICT_PROTOTYPES = YES;
				CLANG_WARN_SUSPICIOUS_MOVE = YES;
				CLANG_WARN_UNGUARDED_AVAILABILITY = YES_AGGRESSIVE;
				CLANG_WARN_UNREACHABLE_CODE = YES;
				CLANG_WARN__DUPLICATE_METHOD_MATCH = YES;
				CODE_SIGN_IDENTITY = "iPhone Developer";
				COPY_PHASE_STRIP = NO;
				DEBUG_INFORMATION_FORMAT = "dwarf-with-dsym";
				ENABLE_NS_ASSERTIONS = NO;
				ENABLE_STRICT_OBJC_MSGSEND = YES;
				GCC_C_LANGUAGE_STANDARD = gnu11;
				GCC_NO_COMMON_BLOCKS = YES;
				GCC_WARN_64_TO_32_BIT_CONVERSION = YES;
				GCC_WARN_ABOUT_RETURN_TYPE = YES_ERROR;
				GCC_WARN_UNDECLARED_SELECTOR = YES;
				GCC_WARN_UNINITIALIZED_AUTOS = YES_AGGRESSIVE;
				GCC_WARN_UNUSED_FUNCTION = YES;
				GCC_WARN_UNUSED_VARIABLE = YES;
				IPHONEOS_DEPLOYMENT_TARGET = 11.4;
				MTL_ENABLE_DEBUG_INFO = NO;
				SDKROOT = iphoneos;
				SWIFT_COMPILATION_MODE = wholemodule;
				SWIFT_OPTIMIZATION_LEVEL = "-O";
				VALIDATE_PRODUCT = YES;
			};
			name = Release;
		};
		F0BBAB1F21784EF800A0FD56 /* Debug */ = {
			isa = XCBuildConfiguration;
			buildSettings = {
				ASSETCATALOG_COMPILER_APPICON_NAME = AppIcon;
				CODE_SIGN_STYLE = Automatic;
				DEVELOPMENT_TEAM = 948MD57764;
				INFOPLIST_FILE = "HakkyungLee-Lab4_v2/Info.plist";
				LD_RUNPATH_SEARCH_PATHS = (
					"$(inherited)",
					"@executable_path/Frameworks",
				);
				PRODUCT_BUNDLE_IDENTIFIER = "cse438.HakkyungLee-Lab4-v2";
				PRODUCT_NAME = "$(TARGET_NAME)";
				SWIFT_VERSION = 4.0;
				TARGETED_DEVICE_FAMILY = "1,2";
			};
			name = Debug;
		};
		F0BBAB2021784EF800A0FD56 /* Release */ = {
			isa = XCBuildConfiguration;
			buildSettings = {
				ASSETCATALOG_COMPILER_APPICON_NAME = AppIcon;
				CODE_SIGN_STYLE = Automatic;
				DEVELOPMENT_TEAM = 948MD57764;
				INFOPLIST_FILE = "HakkyungLee-Lab4_v2/Info.plist";
				LD_RUNPATH_SEARCH_PATHS = (
					"$(inherited)",
					"@executable_path/Frameworks",
				);
				PRODUCT_BUNDLE_IDENTIFIER = "cse438.HakkyungLee-Lab4-v2";
				PRODUCT_NAME = "$(TARGET_NAME)";
				SWIFT_VERSION = 4.0;
				TARGETED_DEVICE_FAMILY = "1,2";
			};
			name = Release;
		};
		F0BBAB2221784EF800A0FD56 /* Debug */ = {
			isa = XCBuildConfiguration;
			buildSettings = {
				ALWAYS_EMBED_SWIFT_STANDARD_LIBRARIES = YES;
				BUNDLE_LOADER = "$(TEST_HOST)";
				CODE_SIGN_STYLE = Automatic;
				DEVELOPMENT_TEAM = 948MD57764;
				INFOPLIST_FILE = "HakkyungLee-Lab4_v2Tests/Info.plist";
				LD_RUNPATH_SEARCH_PATHS = (
					"$(inherited)",
					"@executable_path/Frameworks",
					"@loader_path/Frameworks",
				);
				PRODUCT_BUNDLE_IDENTIFIER = "cse438.HakkyungLee-Lab4-v2Tests";
				PRODUCT_NAME = "$(TARGET_NAME)";
				SWIFT_VERSION = 4.0;
				TARGETED_DEVICE_FAMILY = "1,2";
				TEST_HOST = "$(BUILT_PRODUCTS_DIR)/HakkyungLee-Lab4_v2.app/HakkyungLee-Lab4_v2";
			};
			name = Debug;
		};
		F0BBAB2321784EF800A0FD56 /* Release */ = {
			isa = XCBuildConfiguration;
			buildSettings = {
				ALWAYS_EMBED_SWIFT_STANDARD_LIBRARIES = YES;
				BUNDLE_LOADER = "$(TEST_HOST)";
				CODE_SIGN_STYLE = Automatic;
				DEVELOPMENT_TEAM = 948MD57764;
				INFOPLIST_FILE = "HakkyungLee-Lab4_v2Tests/Info.plist";
				LD_RUNPATH_SEARCH_PATHS = (
					"$(inherited)",
					"@executable_path/Frameworks",
					"@loader_path/Frameworks",
				);
				PRODUCT_BUNDLE_IDENTIFIER = "cse438.HakkyungLee-Lab4-v2Tests";
				PRODUCT_NAME = "$(TARGET_NAME)";
				SWIFT_VERSION = 4.0;
				TARGETED_DEVICE_FAMILY = "1,2";
				TEST_HOST = "$(BUILT_PRODUCTS_DIR)/HakkyungLee-Lab4_v2.app/HakkyungLee-Lab4_v2";
			};
			name = Release;
		};
		F0BBAB2521784EF800A0FD56 /* Debug */ = {
			isa = XCBuildConfiguration;
			buildSettings = {
				ALWAYS_EMBED_SWIFT_STANDARD_LIBRARIES = YES;
				CODE_SIGN_STYLE = Automatic;
				DEVELOPMENT_TEAM = 948MD57764;
				INFOPLIST_FILE = "HakkyungLee-Lab4_v2UITests/Info.plist";
				LD_RUNPATH_SEARCH_PATHS = (
					"$(inherited)",
					"@executable_path/Frameworks",
					"@loader_path/Frameworks",
				);
				PRODUCT_BUNDLE_IDENTIFIER = "cse438.HakkyungLee-Lab4-v2UITests";
				PRODUCT_NAME = "$(TARGET_NAME)";
				SWIFT_VERSION = 4.0;
				TARGETED_DEVICE_FAMILY = "1,2";
				TEST_TARGET_NAME = "HakkyungLee-Lab4_v2";
			};
			name = Debug;
		};
		F0BBAB2621784EF800A0FD56 /* Release */ = {
			isa = XCBuildConfiguration;
			buildSettings = {
				ALWAYS_EMBED_SWIFT_STANDARD_LIBRARIES = YES;
				CODE_SIGN_STYLE = Automatic;
				DEVELOPMENT_TEAM = 948MD57764;
				INFOPLIST_FILE = "HakkyungLee-Lab4_v2UITests/Info.plist";
				LD_RUNPATH_SEARCH_PATHS = (
					"$(inherited)",
					"@executable_path/Frameworks",
					"@loader_path/Frameworks",
				);
				PRODUCT_BUNDLE_IDENTIFIER = "cse438.HakkyungLee-Lab4-v2UITests";
				PRODUCT_NAME = "$(TARGET_NAME)";
				SWIFT_VERSION = 4.0;
				TARGETED_DEVICE_FAMILY = "1,2";
				TEST_TARGET_NAME = "HakkyungLee-Lab4_v2";
			};
			name = Release;
		};
/* End XCBuildConfiguration section */

/* Begin XCConfigurationList section */
		F0BBAAF121784EF600A0FD56 /* Build configuration list for PBXProject "HakkyungLee-Lab4_v2" */ = {
			isa = XCConfigurationList;
			buildConfigurations = (
				F0BBAB1C21784EF800A0FD56 /* Debug */,
				F0BBAB1D21784EF800A0FD56 /* Release */,
			);
			defaultConfigurationIsVisible = 0;
			defaultConfigurationName = Release;
		};
		F0BBAB1E21784EF800A0FD56 /* Build configuration list for PBXNativeTarget "HakkyungLee-Lab4_v2" */ = {
			isa = XCConfigurationList;
			buildConfigurations = (
				F0BBAB1F21784EF800A0FD56 /* Debug */,
				F0BBAB2021784EF800A0FD56 /* Release */,
			);
			defaultConfigurationIsVisible = 0;
			defaultConfigurationName = Release;
		};
		F0BBAB2121784EF800A0FD56 /* Build configuration list for PBXNativeTarget "HakkyungLee-Lab4_v2Tests" */ = {
			isa = XCConfigurationList;
			buildConfigurations = (
				F0BBAB2221784EF800A0FD56 /* Debug */,
				F0BBAB2321784EF800A0FD56 /* Release */,
			);
			defaultConfigurationIsVisible = 0;
			defaultConfigurationName = Release;
		};
		F0BBAB2421784EF800A0FD56 /* Build configuration list for PBXNativeTarget "HakkyungLee-Lab4_v2UITests" */ = {
			isa = XCConfigurationList;
			buildConfigurations = (
				F0BBAB2521784EF800A0FD56 /* Debug */,
				F0BBAB2621784EF800A0FD56 /* Release */,
			);
			defaultConfigurationIsVisible = 0;
			defaultConfigurationName = Release;
		};
/* End XCConfigurationList section */
	};
	rootObject = F0BBAAEE21784EF600A0FD56 /* Project object */;
}
